
Microsoft Visual Studio Solution File, Format Version 12.00
# Visual Studio Version 17
VisualStudioVersion = 17.6.33723.286
MinimumVisualStudioVersion = 10.0.40219.1
Project("{FAE04EC0-301F-11D3-BF4B-00C04F79EFBC}") = "PasswordValidator", "PasswordValidator\PasswordValidator.csproj", "{7BCD43A2-DD0B-4D55-8628-0D95C6F5CC9D}"
EndProject
Project("{FAE04EC0-301F-11D3-BF4B-00C04F79EFBC}") = "PasswordValidator.Tests", "PasswordValidator.Tests\PasswordValidator.Tests.csproj", "{00B069EC-76AB-4548-9DBD-D16086B3DED3}"
EndProject
Global
	GlobalSection(SolutionConfigurationPlatforms) = preSolution
		Debug|Any CPU = Debug|Any CPU
		Release|Any CPU = Release|Any CPU
	EndGlobalSection
	GlobalSection(ProjectConfigurationPlatforms) = postSolution
		{7BCD43A2-DD0B-4D55-8628-0D95C6F5CC9D}.Debug|Any CPU.ActiveCfg = Debug|Any CPU
		{7BCD43A2-DD0B-4D55-8628-0D95C6F5CC9D}.Debug|Any CPU.Build.0 = Debug|Any CPU
		{7BCD43A2-DD0B-4D55-8628-0D95C6F5CC9D}.Release|Any CPU.ActiveCfg = Release|Any CPU
		{7BCD43A2-DD0B-4D55-8628-0D95C6F5CC9D}.Release|Any CPU.Build.0 = Release|Any CPU
		{00B069EC-76AB-4548-9DBD-D16086B3DED3}.Debug|Any CPU.ActiveCfg = Debug|Any CPU
		{00B069EC-76AB-4548-9DBD-D16086B3DED3}.Debug|Any CPU.Build.0 = Debug|Any CPU
		{00B069EC-76AB-4548-9DBD-D16086B3DED3}.Release|Any CPU.ActiveCfg = Release|Any CPU
		{00B069EC-76AB-4548-9DBD-D16086B3DED3}.Release|Any CPU.Build.0 = Release|Any CPU
	EndGlobalSection
	GlobalSection(SolutionProperties) = preSolution
		HideSolutionNode = FALSE
	EndGlobalSection
	GlobalSection(ExtensibilityGlobals) = postSolution
		SolutionGuid = {DE55E8AA-AF64-4CF0-BFF2-9D30417DC60E}
	EndGlobalSection
EndGlobal
